// !$*UTF8*$!
{
	archiveVersion = 1;
	classes = {
	};
	objectVersion = 50;
	objects = {

/* Begin PBXBuildFile section */
		7F65E2DD25E40C54008451FE /* AppDelegate.swift in Sources */ = {isa = PBXBuildFile; fileRef = 7F65E2DC25E40C54008451FE /* AppDelegate.swift */; };
		7F65E2DF25E40C54008451FE /* SceneDelegate.swift in Sources */ = {isa = PBXBuildFile; fileRef = 7F65E2DE25E40C54008451FE /* SceneDelegate.swift */; };
		7F65E2E125E40C54008451FE /* ViewController.swift in Sources */ = {isa = PBXBuildFile; fileRef = 7F65E2E025E40C54008451FE /* ViewController.swift */; };
		7F65E2E425E40C54008451FE /* Main.storyboard in Resources */ = {isa = PBXBuildFile; fileRef = 7F65E2E225E40C54008451FE /* Main.storyboard */; };
		7F65E2E625E40C56008451FE /* Assets.xcassets in Resources */ = {isa = PBXBuildFile; fileRef = 7F65E2E525E40C56008451FE /* Assets.xcassets */; };
		7F65E2E925E40C56008451FE /* LaunchScreen.storyboard in Resources */ = {isa = PBXBuildFile; fileRef = 7F65E2E725E40C56008451FE /* LaunchScreen.storyboard */; };
		7F65E2F425E40C57008451FE /* ConcentrationTests.swift in Sources */ = {isa = PBXBuildFile; fileRef = 7F65E2F325E40C57008451FE /* ConcentrationTests.swift */; };
		7F65E2FF25E40C57008451FE /* ConcentrationUITests.swift in Sources */ = {isa = PBXBuildFile; fileRef = 7F65E2FE25E40C57008451FE /* ConcentrationUITests.swift */; };
		7F73993125E4F6D500BACB14 /* Card.swift in Sources */ = {isa = PBXBuildFile; fileRef = 7F73993025E4F6D500BACB14 /* Card.swift */; };
		7F73993625E4F82C00BACB14 /* ConcenrationGame.swift in Sources */ = {isa = PBXBuildFile; fileRef = 7F73993525E4F82C00BACB14 /* ConcenrationGame.swift */; };
/* End PBXBuildFile section */

/* Begin PBXContainerItemProxy section */
		7F65E2F025E40C57008451FE /* PBXContainerItemProxy */ = {
			isa = PBXContainerItemProxy;
			containerPortal = 7F65E2D125E40C54008451FE /* Project object */;
			proxyType = 1;
			remoteGlobalIDString = 7F65E2D825E40C54008451FE;
			remoteInfo = Concentration;
		};
		7F65E2FB25E40C57008451FE /* PBXContainerItemProxy */ = {
			isa = PBXContainerItemProxy;
			containerPortal = 7F65E2D125E40C54008451FE /* Project object */;
			proxyType = 1;
			remoteGlobalIDString = 7F65E2D825E40C54008451FE;
			remoteInfo = Concentration;
		};
/* End PBXContainerItemProxy section */

/* Begin PBXFileReference section */
		7F65E2D925E40C54008451FE /* Concentration.app */ = {isa = PBXFileReference; explicitFileType = wrapper.application; includeInIndex = 0; path = Concentration.app; sourceTree = BUILT_PRODUCTS_DIR; };
		7F65E2DC25E40C54008451FE /* AppDelegate.swift */ = {isa = PBXFileReference; lastKnownFileType = sourcecode.swift; path = AppDelegate.swift; sourceTree = "<group>"; };
		7F65E2DE25E40C54008451FE /* SceneDelegate.swift */ = {isa = PBXFileReference; lastKnownFileType = sourcecode.swift; path = SceneDelegate.swift; sourceTree = "<group>"; };
		7F65E2E025E40C54008451FE /* ViewController.swift */ = {isa = PBXFileReference; lastKnownFileType = sourcecode.swift; path = ViewController.swift; sourceTree = "<group>"; };
		7F65E2E325E40C54008451FE /* Base */ = {isa = PBXFileReference; lastKnownFileType = file.storyboard; name = Base; path = Base.lproj/Main.storyboard; sourceTree = "<group>"; };
		7F65E2E525E40C56008451FE /* Assets.xcassets */ = {isa = PBXFileReference; lastKnownFileType = folder.assetcatalog; path = Assets.xcassets; sourceTree = "<group>"; };
		7F65E2E825E40C56008451FE /* Base */ = {isa = PBXFileReference; lastKnownFileType = file.storyboard; name = Base; path = Base.lproj/LaunchScreen.storyboard; sourceTree = "<group>"; };
		7F65E2EA25E40C57008451FE /* Info.plist */ = {isa = PBXFileReference; lastKnownFileType = text.plist.xml; path = Info.plist; sourceTree = "<group>"; };
		7F65E2EF25E40C57008451FE /* ConcentrationTests.xctest */ = {isa = PBXFileReference; explicitFileType = wrapper.cfbundle; includeInIndex = 0; path = ConcentrationTests.xctest; sourceTree = BUILT_PRODUCTS_DIR; };
		7F65E2F325E40C57008451FE /* ConcentrationTests.swift */ = {isa = PBXFileReference; lastKnownFileType = sourcecode.swift; path = ConcentrationTests.swift; sourceTree = "<group>"; };
		7F65E2F525E40C57008451FE /* Info.plist */ = {isa = PBXFileReference; lastKnownFileType = text.plist.xml; path = Info.plist; sourceTree = "<group>"; };
		7F65E2FA25E40C57008451FE /* ConcentrationUITests.xctest */ = {isa = PBXFileReference; explicitFileType = wrapper.cfbundle; includeInIndex = 0; path = ConcentrationUITests.xctest; sourceTree = BUILT_PRODUCTS_DIR; };
		7F65E2FE25E40C57008451FE /* ConcentrationUITests.swift */ = {isa = PBXFileReference; lastKnownFileType = sourcecode.swift; path = ConcentrationUITests.swift; sourceTree = "<group>"; };
		7F65E30025E40C57008451FE /* Info.plist */ = {isa = PBXFileReference; lastKnownFileType = text.plist.xml; path = Info.plist; sourceTree = "<group>"; };
		7F73993025E4F6D500BACB14 /* Card.swift */ = {isa = PBXFileReference; lastKnownFileType = sourcecode.swift; path = Card.swift; sourceTree = "<group>"; };
		7F73993525E4F82C00BACB14 /* ConcenrationGame.swift */ = {isa = PBXFileReference; lastKnownFileType = sourcecode.swift; path = ConcenrationGame.swift; sourceTree = "<group>"; };
/* End PBXFileReference section */

/* Begin PBXFrameworksBuildPhase section */
		7F65E2D625E40C54008451FE /* Frameworks */ = {
			isa = PBXFrameworksBuildPhase;
			buildActionMask = 2147483647;
			files = (
			);
			runOnlyForDeploymentPostprocessing = 0;
		};
		7F65E2EC25E40C57008451FE /* Frameworks */ = {
			isa = PBXFrameworksBuildPhase;
			buildActionMask = 2147483647;
			files = (
			);
			runOnlyForDeploymentPostprocessing = 0;
		};
		7F65E2F725E40C57008451FE /* Frameworks */ = {
			isa = PBXFrameworksBuildPhase;
			buildActionMask = 2147483647;
			files = (
			);
			runOnlyForDeploymentPostprocessing = 0;
		};
/* End PBXFrameworksBuildPhase section */

/* Begin PBXGroup section */
		7F65E2D025E40C54008451FE = {
			isa = PBXGroup;
			children = (
				7F65E2DB25E40C54008451FE /* Concentration */,
				7F65E2F225E40C57008451FE /* ConcentrationTests */,
				7F65E2FD25E40C57008451FE /* ConcentrationUITests */,
				7F65E2DA25E40C54008451FE /* Products */,
			);
			sourceTree = "<group>";
		};
		7F65E2DA25E40C54008451FE /* Products */ = {
			isa = PBXGroup;
			children = (
				7F65E2D925E40C54008451FE /* Concentration.app */,
				7F65E2EF25E40C57008451FE /* ConcentrationTests.xctest */,
				7F65E2FA25E40C57008451FE /* ConcentrationUITests.xctest */,
			);
			name = Products;
			sourceTree = "<group>";
		};
		7F65E2DB25E40C54008451FE /* Concentration */ = {
			isa = PBXGroup;
			children = (
				7F65E2DC25E40C54008451FE /* AppDelegate.swift */,
				7F65E2DE25E40C54008451FE /* SceneDelegate.swift */,
				7F65E2E025E40C54008451FE /* ViewController.swift */,
				7F73993025E4F6D500BACB14 /* Card.swift */,
				7F73993525E4F82C00BACB14 /* ConcenrationGame.swift */,
				7F65E2E225E40C54008451FE /* Main.storyboard */,
				7F65E2E525E40C56008451FE /* Assets.xcassets */,
				7F65E2E725E40C56008451FE /* LaunchScreen.storyboard */,
				7F65E2EA25E40C57008451FE /* Info.plist */,
			);
			path = Concentration;
			sourceTree = "<group>";
		};
		7F65E2F225E40C57008451FE /* ConcentrationTests */ = {
			isa = PBXGroup;
			children = (
				7F65E2F325E40C57008451FE /* ConcentrationTests.swift */,
				7F65E2F525E40C57008451FE /* Info.plist */,
			);
			path = ConcentrationTests;
			sourceTree = "<group>";
		};
		7F65E2FD25E40C57008451FE /* ConcentrationUITests */ = {
			isa = PBXGroup;
			children = (
				7F65E2FE25E40C57008451FE /* ConcentrationUITests.swift */,
				7F65E30025E40C57008451FE /* Info.plist */,
			);
			path = ConcentrationUITests;
			sourceTree = "<group>";
		};
/* End PBXGroup section */

/* Begin PBXNativeTarget section */
		7F65E2D825E40C54008451FE /* Concentration */ = {
			isa = PBXNativeTarget;
			buildConfigurationList = 7F65E30325E40C57008451FE /* Build configuration list for PBXNativeTarget "Concentration" */;
			buildPhases = (
				7F65E2D525E40C54008451FE /* Sources */,
				7F65E2D625E40C54008451FE /* Frameworks */,
				7F65E2D725E40C54008451FE /* Resources */,
			);
			buildRules = (
			);
			dependencies = (
			);
			name = Concentration;
			productName = Concentration;
			productReference = 7F65E2D925E40C54008451FE /* Concentration.app */;
			productType = "com.apple.product-type.application";
		};
		7F65E2EE25E40C57008451FE /* ConcentrationTests */ = {
			isa = PBXNativeTarget;
			buildConfigurationList = 7F65E30625E40C57008451FE /* Build configuration list for PBXNativeTarget "ConcentrationTests" */;
			buildPhases = (
				7F65E2EB25E40C57008451FE /* Sources */,
				7F65E2EC25E40C57008451FE /* Frameworks */,
				7F65E2ED25E40C57008451FE /* Resources */,
			);
			buildRules = (
			);
			dependencies = (
				7F65E2F125E40C57008451FE /* PBXTargetDependency */,
			);
			name = ConcentrationTests;
			productName = ConcentrationTests;
			productReference = 7F65E2EF25E40C57008451FE /* ConcentrationTests.xctest */;
			productType = "com.apple.product-type.bundle.unit-test";
		};
		7F65E2F925E40C57008451FE /* ConcentrationUITests */ = {
			isa = PBXNativeTarget;
			buildConfigurationList = 7F65E30925E40C57008451FE /* Build configuration list for PBXNativeTarget "ConcentrationUITests" */;
			buildPhases = (
				7F65E2F625E40C57008451FE /* Sources */,
				7F65E2F725E40C57008451FE /* Frameworks */,
				7F65E2F825E40C57008451FE /* Resources */,
			);
			buildRules = (
			);
			dependencies = (
				7F65E2FC25E40C57008451FE /* PBXTargetDependency */,
			);
			name = ConcentrationUITests;
			productName = ConcentrationUITests;
			productReference = 7F65E2FA25E40C57008451FE /* ConcentrationUITests.xctest */;
			productType = "com.apple.product-type.bundle.ui-testing";
		};
/* End PBXNativeTarget section */

/* Begin PBXProject section */
		7F65E2D125E40C54008451FE /* Project object */ = {
			isa = PBXProject;
			attributes = {
				LastSwiftUpdateCheck = 1240;
				LastUpgradeCheck = 1240;
				TargetAttributes = {
					7F65E2D825E40C54008451FE = {
						CreatedOnToolsVersion = 12.4;
					};
					7F65E2EE25E40C57008451FE = {
						CreatedOnToolsVersion = 12.4;
						TestTargetID = 7F65E2D825E40C54008451FE;
					};
					7F65E2F925E40C57008451FE = {
						CreatedOnToolsVersion = 12.4;
						TestTargetID = 7F65E2D825E40C54008451FE;
					};
				};
			};
			buildConfigurationList = 7F65E2D425E40C54008451FE /* Build configuration list for PBXProject "Concentration" */;
			compatibilityVersion = "Xcode 9.3";
			developmentRegion = en;
			hasScannedForEncodings = 0;
			knownRegions = (
				en,
				Base,
			);
			mainGroup = 7F65E2D025E40C54008451FE;
			productRefGroup = 7F65E2DA25E40C54008451FE /* Products */;
			projectDirPath = "";
			projectRoot = "";
			targets = (
				7F65E2D825E40C54008451FE /* Concentration */,
				7F65E2EE25E40C57008451FE /* ConcentrationTests */,
				7F65E2F925E40C57008451FE /* ConcentrationUITests */,
			);
		};
/* End PBXProject section */

/* Begin PBXResourcesBuildPhase section */
		7F65E2D725E40C54008451FE /* Resources */ = {
			isa = PBXResourcesBuildPhase;
			buildActionMask = 2147483647;
			files = (
				7F65E2E925E40C56008451FE /* LaunchScreen.storyboard in Resources */,
				7F65E2E625E40C56008451FE /* Assets.xcassets in Resources */,
				7F65E2E425E40C54008451FE /* Main.storyboard in Resources */,
			);
			runOnlyForDeploymentPostprocessing = 0;
		};
		7F65E2ED25E40C57008451FE /* Resources */ = {
			isa = PBXResourcesBuildPhase;
			buildActionMask = 2147483647;
			files = (
			);
			runOnlyForDeploymentPostprocessing = 0;
		};
		7F65E2F825E40C57008451FE /* Resources */ = {
			isa = PBXResourcesBuildPhase;
			buildActionMask = 2147483647;
			files = (
			);
			runOnlyForDeploymentPostprocessing = 0;
		};
/* End PBXResourcesBuildPhase section */

/* Begin PBXSourcesBuildPhase section */
		7F65E2D525E40C54008451FE /* Sources */ = {
			isa = PBXSourcesBuildPhase;
			buildActionMask = 2147483647;
			files = (
				7F65E2E125E40C54008451FE /* ViewController.swift in Sources */,
				7F65E2DD25E40C54008451FE /* AppDelegate.swift in Sources */,
				7F65E2DF25E40C54008451FE /* SceneDelegate.swift in Sources */,
				7F73993625E4F82C00BACB14 /* ConcenrationGame.swift in Sources */,
				7F73993125E4F6D500BACB14 /* Card.swift in Sources */,
			);
			runOnlyForDeploymentPostprocessing = 0;
		};
		7F65E2EB25E40C57008451FE /* Sources */ = {
			isa = PBXSourcesBuildPhase;
			buildActionMask = 2147483647;
			files = (
				7F65E2F425E40C57008451FE /* ConcentrationTests.swift in Sources */,
			);
			runOnlyForDeploymentPostprocessing = 0;
		};
		7F65E2F625E40C57008451FE /* Sources */ = {
			isa = PBXSourcesBuildPhase;
			buildActionMask = 2147483647;
			files = (
				7F65E2FF25E40C57008451FE /* ConcentrationUITests.swift in Sources */,
			);
			runOnlyForDeploymentPostprocessing = 0;
		};
/* End PBXSourcesBuildPhase section */

/* Begin PBXTargetDependency section */
		7F65E2F125E40C57008451FE /* PBXTargetDependency */ = {
			isa = PBXTargetDependency;
			target = 7F65E2D825E40C54008451FE /* Concentration */;
			targetProxy = 7F65E2F025E40C57008451FE /* PBXContainerItemProxy */;
		};
		7F65E2FC25E40C57008451FE /* PBXTargetDependency */ = {
			isa = PBXTargetDependency;
			target = 7F65E2D825E40C54008451FE /* Concentration */;
			targetProxy = 7F65E2FB25E40C57008451FE /* PBXContainerItemProxy */;
		};
/* End PBXTargetDependency section */

/* Begin PBXVariantGroup section */
		7F65E2E225E40C54008451FE /* Main.storyboard */ = {
			isa = PBXVariantGroup;
			children = (
				7F65E2E325E40C54008451FE /* Base */,
			);
			name = Main.storyboard;
			sourceTree = "<group>";
		};
		7F65E2E725E40C56008451FE /* LaunchScreen.storyboard */ = {
			isa = PBXVariantGroup;
			children = (
				7F65E2E825E40C56008451FE /* Base */,
			);
			name = LaunchScreen.storyboard;
			sourceTree = "<group>";
		};
/* End PBXVariantGroup section */

/* Begin XCBuildConfiguration section */
		7F65E30125E40C57008451FE /* Debug */ = {
			isa = XCBuildConfiguration;
			buildSettings = {
				ALWAYS_SEARCH_USER_PATHS = NO;
				CLANG_ANALYZER_NONNULL = YES;
				CLANG_ANALYZER_NUMBER_OBJECT_CONVERSION = YES_AGGRESSIVE;
				CLANG_CXX_LANGUAGE_STANDARD = "gnu++14";
				CLANG_CXX_LIBRARY = "libc++";
				CLANG_ENABLE_MODULES = YES;
				CLANG_ENABLE_OBJC_ARC = YES;
				CLANG_ENABLE_OBJC_WEAK = YES;
				CLANG_WARN_BLOCK_CAPTURE_AUTORELEASING = YES;
				CLANG_WARN_BOOL_CONVERSION = YES;
				CLANG_WARN_COMMA = YES;
				CLANG_WARN_CONSTANT_CONVERSION = YES;
				CLANG_WARN_DEPRECATED_OBJC_IMPLEMENTATIONS = YES;
				CLANG_WARN_DIRECT_OBJC_ISA_USAGE = YES_ERROR;
				CLANG_WARN_DOCUMENTATION_COMMENTS = YES;
				CLANG_WARN_EMPTY_BODY = YES;
				CLANG_WARN_ENUM_CONVERSION = YES;
				CLANG_WARN_INFINITE_RECURSION = YES;
				CLANG_WARN_INT_CONVERSION = YES;
				CLANG_WARN_NON_LITERAL_NULL_CONVERSION = YES;
				CLANG_WARN_OBJC_IMPLICIT_RETAIN_SELF = YES;
				CLANG_WARN_OBJC_LITERAL_CONVERSION = YES;
				CLANG_WARN_OBJC_ROOT_CLASS = YES_ERROR;
				CLANG_WARN_QUOTED_INCLUDE_IN_FRAMEWORK_HEADER = YES;
				CLANG_WARN_RANGE_LOOP_ANALYSIS = YES;
				CLANG_WARN_STRICT_PROTOTYPES = YES;
				CLANG_WARN_SUSPICIOUS_MOVE = YES;
				CLANG_WARN_UNGUARDED_AVAILABILITY = YES_AGGRESSIVE;
				CLANG_WARN_UNREACHABLE_CODE = YES;
				CLANG_WARN__DUPLICATE_METHOD_MATCH = YES;
				COPY_PHASE_STRIP = NO;
				DEBUG_INFORMATION_FORMAT = dwarf;
				ENABLE_STRICT_OBJC_MSGSEND = YES;
				ENABLE_TESTABILITY = YES;
				GCC_C_LANGUAGE_STANDARD = gnu11;
				GCC_DYNAMIC_NO_PIC = NO;
				GCC_NO_COMMON_BLOCKS = YES;
				GCC_OPTIMIZATION_LEVEL = 0;
				GCC_PREPROCESSOR_DEFINITIONS = (
					"DEBUG=1",
					"$(inherited)",
				);
				GCC_WARN_64_TO_32_BIT_CONVERSION = YES;
				GCC_WARN_ABOUT_RETURN_TYPE = YES_ERROR;
				GCC_WARN_UNDECLARED_SELECTOR = YES;
				GCC_WARN_UNINITIALIZED_AUTOS = YES_AGGRESSIVE;
				GCC_WARN_UNUSED_FUNCTION = YES;
				GCC_WARN_UNUSED_VARIABLE = YES;
				IPHONEOS_DEPLOYMENT_TARGET = 14.4;
				MTL_ENABLE_DEBUG_INFO = INCLUDE_SOURCE;
				MTL_FAST_MATH = YES;
				ONLY_ACTIVE_ARCH = YES;
				SDKROOT = iphoneos;
				SWIFT_ACTIVE_COMPILATION_CONDITIONS = DEBUG;
				SWIFT_OPTIMIZATION_LEVEL = "-Onone";
			};
			name = Debug;
		};
		7F65E30225E40C57008451FE /* Release */ = {
			isa = XCBuildConfiguration;
			buildSettings = {
				ALWAYS_SEARCH_USER_PATHS = NO;
				CLANG_ANALYZER_NONNULL = YES;
				CLANG_ANALYZER_NUMBER_OBJECT_CONVERSION = YES_AGGRESSIVE;
				CLANG_CXX_LANGUAGE_STANDARD = "gnu++14";
				CLANG_CXX_LIBRARY = "libc++";
				CLANG_ENABLE_MODULES = YES;
				CLANG_ENABLE_OBJC_ARC = YES;
				CLANG_ENABLE_OBJC_WEAK = YES;
				CLANG_WARN_BLOCK_CAPTURE_AUTORELEASING = YES;
				CLANG_WARN_BOOL_CONVERSION = YES;
				CLANG_WARN_COMMA = YES;
				CLANG_WARN_CONSTANT_CONVERSION = YES;
				CLANG_WARN_DEPRECATED_OBJC_IMPLEMENTATIONS = YES;
				CLANG_WARN_DIRECT_OBJC_ISA_USAGE = YES_ERROR;
				CLANG_WARN_DOCUMENTATION_COMMENTS = YES;
				CLANG_WARN_EMPTY_BODY = YES;
				CLANG_WARN_ENUM_CONVERSION = YES;
				CLANG_WARN_INFINITE_RECURSION = YES;
				CLANG_WARN_INT_CONVERSION = YES;
				CLANG_WARN_NON_LITERAL_NULL_CONVERSION = YES;
				CLANG_WARN_OBJC_IMPLICIT_RETAIN_SELF = YES;
				CLANG_WARN_OBJC_LITERAL_CONVERSION = YES;
				CLANG_WARN_OBJC_ROOT_CLASS = YES_ERROR;
				CLANG_WARN_QUOTED_INCLUDE_IN_FRAMEWORK_HEADER = YES;
				CLANG_WARN_RANGE_LOOP_ANALYSIS = YES;
				CLANG_WARN_STRICT_PROTOTYPES = YES;
				CLANG_WARN_SUSPICIOUS_MOVE = YES;
				CLANG_WARN_UNGUARDED_AVAILABILITY = YES_AGGRESSIVE;
				CLANG_WARN_UNREACHABLE_CODE = YES;
				CLANG_WARN__DUPLICATE_METHOD_MATCH = YES;
				COPY_PHASE_STRIP = NO;
				DEBUG_INFORMATION_FORMAT = "dwarf-with-dsym";
				ENABLE_NS_ASSERTIONS = NO;
				ENABLE_STRICT_OBJC_MSGSEND = YES;
				GCC_C_LANGUAGE_STANDARD = gnu11;
				GCC_NO_COMMON_BLOCKS = YES;
				GCC_WARN_64_TO_32_BIT_CONVERSION = YES;
				GCC_WARN_ABOUT_RETURN_TYPE = YES_ERROR;
				GCC_WARN_UNDECLARED_SELECTOR = YES;
				GCC_WARN_UNINITIALIZED_AUTOS = YES_AGGRESSIVE;
				GCC_WARN_UNUSED_FUNCTION = YES;
				GCC_WARN_UNUSED_VARIABLE = YES;
				IPHONEOS_DEPLOYMENT_TARGET = 14.4;
				MTL_ENABLE_DEBUG_INFO = NO;
				MTL_FAST_MATH = YES;
				SDKROOT = iphoneos;
				SWIFT_COMPILATION_MODE = wholemodule;
				SWIFT_OPTIMIZATION_LEVEL = "-O";
				VALIDATE_PRODUCT = YES;
			};
			name = Release;
		};
		7F65E30425E40C57008451FE /* Debug */ = {
			isa = XCBuildConfiguration;
			buildSettings = {
				ASSETCATALOG_COMPILER_APPICON_NAME = AppIcon;
				ASSETCATALOG_COMPILER_GLOBAL_ACCENT_COLOR_NAME = AccentColor;
				CODE_SIGN_STYLE = Automatic;
				INFOPLIST_FILE = Concentration/Info.plist;
				IPHONEOS_DEPLOYMENT_TARGET = 14.4;
				LD_RUNPATH_SEARCH_PATHS = (
					"$(inherited)",
					"@executable_path/Frameworks",
				);
				PRODUCT_BUNDLE_IDENTIFIER = datmc.Concentration;
				PRODUCT_NAME = "$(TARGET_NAME)";
				SWIFT_VERSION = 5.0;
				TARGETED_DEVICE_FAMILY = "1,2";
			};
			name = Debug;
		};
		7F65E30525E40C57008451FE /* Release */ = {
			isa = XCBuildConfiguration;
			buildSettings = {
				ASSETCATALOG_COMPILER_APPICON_NAME = AppIcon;
				ASSETCATALOG_COMPILER_GLOBAL_ACCENT_COLOR_NAME = AccentColor;
				CODE_SIGN_STYLE = Automatic;
				INFOPLIST_FILE = Concentration/Info.plist;
				IPHONEOS_DEPLOYMENT_TARGET = 14.4;
				LD_RUNPATH_SEARCH_PATHS = (
					"$(inherited)",
					"@executable_path/Frameworks",
				);
				PRODUCT_BUNDLE_IDENTIFIER = datmc.Concentration;
				PRODUCT_NAME = "$(TARGET_NAME)";
				SWIFT_VERSION = 5.0;
				TARGETED_DEVICE_FAMILY = "1,2";
			};
			name = Release;
		};
		7F65E30725E40C57008451FE /* Debug */ = {
			isa = XCBuildConfiguration;
			buildSettings = {
				ALWAYS_EMBED_SWIFT_STANDARD_LIBRARIES = YES;
				BUNDLE_LOADER = "$(TEST_HOST)";
				CODE_SIGN_STYLE = Automatic;
				INFOPLIST_FILE = ConcentrationTests/Info.plist;
				IPHONEOS_DEPLOYMENT_TARGET = 14.4;
				LD_RUNPATH_SEARCH_PATHS = (
					"$(inherited)",
					"@executable_path/Frameworks",
					"@loader_path/Frameworks",
				);
				PRODUCT_BUNDLE_IDENTIFIER = datmc.ConcentrationTests;
				PRODUCT_NAME = "$(TARGET_NAME)";
				SWIFT_VERSION = 5.0;
				TARGETED_DEVICE_FAMILY = "1,2";
				TEST_HOST = "$(BUILT_PRODUCTS_DIR)/Concentration.app/Concentration";
			};
			name = Debug;
		};
		7F65E30825E40C57008451FE /* Release */ = {
			isa = XCBuildConfiguration;
			buildSettings = {
				ALWAYS_EMBED_SWIFT_STANDARD_LIBRARIES = YES;
				BUNDLE_LOADER = "$(TEST_HOST)";
				CODE_SIGN_STYLE = Automatic;
				INFOPLIST_FILE = ConcentrationTests/Info.plist;
				IPHONEOS_DEPLOYMENT_TARGET = 14.4;
				LD_RUNPATH_SEARCH_PATHS = (
					"$(inherited)",
					"@executable_path/Frameworks",
					"@loader_path/Frameworks",
				);
				PRODUCT_BUNDLE_IDENTIFIER = datmc.ConcentrationTests;
				PRODUCT_NAME = "$(TARGET_NAME)";
				SWIFT_VERSION = 5.0;
				TARGETED_DEVICE_FAMILY = "1,2";
				TEST_HOST = "$(BUILT_PRODUCTS_DIR)/Concentration.app/Concentration";
			};
			name = Release;
		};
		7F65E30A25E40C57008451FE /* Debug */ = {
			isa = XCBuildConfiguration;
			buildSettings = {
				ALWAYS_EMBED_SWIFT_STANDARD_LIBRARIES = YES;
				CODE_SIGN_STYLE = Automatic;
				INFOPLIST_FILE = ConcentrationUITests/Info.plist;
				LD_RUNPATH_SEARCH_PATHS = (
					"$(inherited)",
					"@executable_path/Frameworks",
					"@loader_path/Frameworks",
				);
				PRODUCT_BUNDLE_IDENTIFIER = datmc.ConcentrationUITests;
				PRODUCT_NAME = "$(TARGET_NAME)";
				SWIFT_VERSION = 5.0;
				TARGETED_DEVICE_FAMILY = "1,2";
				TEST_TARGET_NAME = Concentration;
			};
			name = Debug;
		};
		7F65E30B25E40C57008451FE /* Release */ = {
			isa = XCBuildConfiguration;
			buildSettings = {
				ALWAYS_EMBED_SWIFT_STANDARD_LIBRARIES = YES;
				CODE_SIGN_STYLE = Automatic;
				INFOPLIST_FILE = ConcentrationUITests/Info.plist;
				LD_RUNPATH_SEARCH_PATHS = (
					"$(inherited)",
					"@executable_path/Frameworks",
					"@loader_path/Frameworks",
				);
				PRODUCT_BUNDLE_IDENTIFIER = datmc.ConcentrationUITests;
				PRODUCT_NAME = "$(TARGET_NAME)";
				SWIFT_VERSION = 5.0;
				TARGETED_DEVICE_FAMILY = "1,2";
				TEST_TARGET_NAME = Concentration;
			};
			name = Release;
		};
/* End XCBuildConfiguration section */

/* Begin XCConfigurationList section */
		7F65E2D425E40C54008451FE /* Build configuration list for PBXProject "Concentration" */ = {
			isa = XCConfigurationList;
			buildConfigurations = (
				7F65E30125E40C57008451FE /* Debug */,
				7F65E30225E40C57008451FE /* Release */,
			);
			defaultConfigurationIsVisible = 0;
			defaultConfigurationName = Release;
		};
		7F65E30325E40C57008451FE /* Build configuration list for PBXNativeTarget "Concentration" */ = {
			isa = XCConfigurationList;
			buildConfigurations = (
				7F65E30425E40C57008451FE /* Debug */,
				7F65E30525E40C57008451FE /* Release */,
			);
			defaultConfigurationIsVisible = 0;
			defaultConfigurationName = Release;
		};
		7F65E30625E40C57008451FE /* Build configuration list for PBXNativeTarget "ConcentrationTests" */ = {
			isa = XCConfigurationList;
			buildConfigurations = (
				7F65E30725E40C57008451FE /* Debug */,
				7F65E30825E40C57008451FE /* Release */,
			);
			defaultConfigurationIsVisible = 0;
			defaultConfigurationName = Release;
		};
		7F65E30925E40C57008451FE /* Build configuration list for PBXNativeTarget "ConcentrationUITests" */ = {
			isa = XCConfigurationList;
			buildConfigurations = (
				7F65E30A25E40C57008451FE /* Debug */,
				7F65E30B25E40C57008451FE /* Release */,
			);
			defaultConfigurationIsVisible = 0;
			defaultConfigurationName = Release;
		};
/* End XCConfigurationList section */
	};
	rootObject = 7F65E2D125E40C54008451FE /* Project object */;
}
